
Microsoft Visual Studio Solution File, Format Version 12.00
# Visual Studio Version 17
VisualStudioVersion = 17.2.32616.157
MinimumVisualStudioVersion = 10.0.40219.1
Project("{FAE04EC0-301F-11D3-BF4B-00C04F79EFBC}") = "CurrencyParser", "CurrencyParser\CurrencyParser.csproj", "{118C3E99-B23D-48FA-AA4F-61727881E04C}"
EndProject
Global
	GlobalSection(SolutionConfigurationPlatforms) = preSolution
		Debug|Any CPU = Debug|Any CPU
		Release|Any CPU = Release|Any CPU
	EndGlobalSection
	GlobalSection(ProjectConfigurationPlatforms) = postSolution
		{118C3E99-B23D-48FA-AA4F-61727881E04C}.Debug|Any CPU.ActiveCfg = Debug|Any CPU
		{118C3E99-B23D-48FA-AA4F-61727881E04C}.Debug|Any CPU.Build.0 = Debug|Any CPU
		{118C3E99-B23D-48FA-AA4F-61727881E04C}.Release|Any CPU.ActiveCfg = Release|Any CPU
		{118C3E99-B23D-48FA-AA4F-61727881E04C}.Release|Any CPU.Build.0 = Release|Any CPU
	EndGlobalSection
	GlobalSection(SolutionProperties) = preSolution
		HideSolutionNode = FALSE
	EndGlobalSection
	GlobalSection(ExtensibilityGlobals) = postSolution
		SolutionGuid = {A9ADF2C3-ECF0-442C-8233-48F3827EA7DC}
	EndGlobalSection
EndGlobal
